
Microsoft Visual Studio Solution File, Format Version 12.00
# Visual Studio Version 17
VisualStudioVersion = 17.4.33205.214
MinimumVisualStudioVersion = 10.0.40219.1
Project("{9A19103F-16F7-4668-BE54-9A1E7A4F7556}") = "Engine", "Engine\Engine.csproj", "{7B82A7C4-4112-42E5-89C9-FEEB67F91E77}"
EndProject
Project("{9A19103F-16F7-4668-BE54-9A1E7A4F7556}") = "Tests", "Tests\Tests.csproj", "{0215F163-6BF6-484A-B120-C5B6FCC4BB20}"
EndProject
Project("{9A19103F-16F7-4668-BE54-9A1E7A4F7556}") = "Editor", "Editor\Editor.csproj", "{68444733-E293-4B4C-B660-A21692BDF7C5}"
	ProjectSection(ProjectDependencies) = postProject
		{7B82A7C4-4112-42E5-89C9-FEEB67F91E77} = {7B82A7C4-4112-42E5-89C9-FEEB67F91E77}
	EndProjectSection
EndProject
Project("{2150E333-8FDC-42A3-9474-1A3956D46DE8}") = "Solution Items", "Solution Items", "{DBEE0073-B404-44A6-920A-75324C458FC0}"
	ProjectSection(SolutionItems) = preProject
		.editorconfig = .editorconfig
	EndProjectSection
EndProject
Global
	GlobalSection(SolutionConfigurationPlatforms) = preSolution
		Debug|Any CPU = Debug|Any CPU
		Release|Any CPU = Release|Any CPU
	EndGlobalSection
	GlobalSection(ProjectConfigurationPlatforms) = postSolution
		{7B82A7C4-4112-42E5-89C9-FEEB67F91E77}.Debug|Any CPU.ActiveCfg = Debug|Any CPU
		{7B82A7C4-4112-42E5-89C9-FEEB67F91E77}.Debug|Any CPU.Build.0 = Debug|Any CPU
		{7B82A7C4-4112-42E5-89C9-FEEB67F91E77}.Release|Any CPU.ActiveCfg = Release|Any CPU
		{7B82A7C4-4112-42E5-89C9-FEEB67F91E77}.Release|Any CPU.Build.0 = Release|Any CPU
		{0215F163-6BF6-484A-B120-C5B6FCC4BB20}.Debug|Any CPU.ActiveCfg = Debug|Any CPU
		{0215F163-6BF6-484A-B120-C5B6FCC4BB20}.Debug|Any CPU.Build.0 = Debug|Any CPU
		{0215F163-6BF6-484A-B120-C5B6FCC4BB20}.Release|Any CPU.ActiveCfg = Release|Any CPU
		{0215F163-6BF6-484A-B120-C5B6FCC4BB20}.Release|Any CPU.Build.0 = Release|Any CPU
		{68444733-E293-4B4C-B660-A21692BDF7C5}.Debug|Any CPU.ActiveCfg = Debug|Any CPU
		{68444733-E293-4B4C-B660-A21692BDF7C5}.Debug|Any CPU.Build.0 = Debug|Any CPU
		{68444733-E293-4B4C-B660-A21692BDF7C5}.Release|Any CPU.ActiveCfg = Release|Any CPU
		{68444733-E293-4B4C-B660-A21692BDF7C5}.Release|Any CPU.Build.0 = Release|Any CPU
	EndGlobalSection
	GlobalSection(SolutionProperties) = preSolution
		HideSolutionNode = FALSE
	EndGlobalSection
	GlobalSection(ExtensibilityGlobals) = postSolution
		SolutionGuid = {745B1384-EC9A-44C0-A0AB-5FCFF5A0A022}
	EndGlobalSection
EndGlobal
